
Microsoft Visual Studio Solution File, Format Version 12.00
# Visual Studio 2013
VisualStudioVersion = 12.0.31101.0
MinimumVisualStudioVersion = 10.0.40219.1
Project("{FAE04EC0-301F-11D3-BF4B-00C04F79EFBC}") = "HOMEWORK-ADO.NET-NUNIT", "HOMEWORK-ADO.NET-NUNIT\HOMEWORK-ADO.NET-NUNIT.csproj", "{28F44CE8-3800-44E4-A519-D0DE393E0AE0}"
EndProject
Project("{FAE04EC0-301F-11D3-BF4B-00C04F79EFBC}") = "HOMEWORK-ADO.NET-NUNIT.Tests", "HOMEWORK-ADO.NET-NUNIT.Tests\HOMEWORK-ADO.NET-NUNIT.Tests.csproj", "{2AC62F7F-F5A5-40D8-9E57-1D52A48AE067}"
EndProject
Project("{FAE04EC0-301F-11D3-BF4B-00C04F79EFBC}") = "ClassLibrary1", "ClassLibrary1\ClassLibrary1.csproj", "{47FDD77C-B983-4D68-9D4F-B010137F23F3}"
EndProject
Global
	GlobalSection(SolutionConfigurationPlatforms) = preSolution
		Debug|Any CPU = Debug|Any CPU
		Release|Any CPU = Release|Any CPU
	EndGlobalSection
	GlobalSection(ProjectConfigurationPlatforms) = postSolution
		{28F44CE8-3800-44E4-A519-D0DE393E0AE0}.Debug|Any CPU.ActiveCfg = Debug|Any CPU
		{28F44CE8-3800-44E4-A519-D0DE393E0AE0}.Debug|Any CPU.Build.0 = Debug|Any CPU
		{28F44CE8-3800-44E4-A519-D0DE393E0AE0}.Release|Any CPU.ActiveCfg = Release|Any CPU
		{28F44CE8-3800-44E4-A519-D0DE393E0AE0}.Release|Any CPU.Build.0 = Release|Any CPU
		{2AC62F7F-F5A5-40D8-9E57-1D52A48AE067}.Debug|Any CPU.ActiveCfg = Debug|Any CPU
		{2AC62F7F-F5A5-40D8-9E57-1D52A48AE067}.Debug|Any CPU.Build.0 = Debug|Any CPU
		{2AC62F7F-F5A5-40D8-9E57-1D52A48AE067}.Release|Any CPU.ActiveCfg = Release|Any CPU
		{2AC62F7F-F5A5-40D8-9E57-1D52A48AE067}.Release|Any CPU.Build.0 = Release|Any CPU
		{47FDD77C-B983-4D68-9D4F-B010137F23F3}.Debug|Any CPU.ActiveCfg = Debug|Any CPU
		{47FDD77C-B983-4D68-9D4F-B010137F23F3}.Debug|Any CPU.Build.0 = Debug|Any CPU
		{47FDD77C-B983-4D68-9D4F-B010137F23F3}.Release|Any CPU.ActiveCfg = Release|Any CPU
		{47FDD77C-B983-4D68-9D4F-B010137F23F3}.Release|Any CPU.Build.0 = Release|Any CPU
	EndGlobalSection
	GlobalSection(SolutionProperties) = preSolution
		HideSolutionNode = FALSE
	EndGlobalSection
EndGlobal
